// !$*UTF8*$!
{
	archiveVersion = 1;
	classes = {
	};
	objectVersion = 46;
	objects = {

/* Begin PBXBuildFile section */
		EC3628991BC66B7E005A15AE /* AppDelegate.swift in Sources */ = {isa = PBXBuildFile; fileRef = EC3628981BC66B7E005A15AE /* AppDelegate.swift */; };
		EC36289B1BC66B7E005A15AE /* ItemViewController.swift in Sources */ = {isa = PBXBuildFile; fileRef = EC36289A1BC66B7E005A15AE /* ItemViewController.swift */; };
		EC36289E1BC66B7E005A15AE /* Main.storyboard in Resources */ = {isa = PBXBuildFile; fileRef = EC36289C1BC66B7E005A15AE /* Main.storyboard */; };
		EC3628A11BC66B7E005A15AE /* CoreData.xcdatamodeld in Sources */ = {isa = PBXBuildFile; fileRef = EC36289F1BC66B7E005A15AE /* CoreData.xcdatamodeld */; };
		EC3628A31BC66B7E005A15AE /* Assets.xcassets in Resources */ = {isa = PBXBuildFile; fileRef = EC3628A21BC66B7E005A15AE /* Assets.xcassets */; };
		EC3628A61BC66B7E005A15AE /* LaunchScreen.storyboard in Resources */ = {isa = PBXBuildFile; fileRef = EC3628A41BC66B7E005A15AE /* LaunchScreen.storyboard */; };
		EC3628B11BC66B7E005A15AE /* CoreDataTests.swift in Sources */ = {isa = PBXBuildFile; fileRef = EC3628B01BC66B7E005A15AE /* CoreDataTests.swift */; };
		EC3628BC1BC66B7E005A15AE /* CoreDataUITests.swift in Sources */ = {isa = PBXBuildFile; fileRef = EC3628BB1BC66B7E005A15AE /* CoreDataUITests.swift */; };
		EC3628CA1BC685B6005A15AE /* ListTableViewController.swift in Sources */ = {isa = PBXBuildFile; fileRef = EC3628C91BC685B6005A15AE /* ListTableViewController.swift */; settings = {ASSET_TAGS = (); }; };
		EC3628CC1BC68603005A15AE /* Model.swift in Sources */ = {isa = PBXBuildFile; fileRef = EC3628CB1BC68603005A15AE /* Model.swift */; settings = {ASSET_TAGS = (); }; };
/* End PBXBuildFile section */

/* Begin PBXContainerItemProxy section */
		EC3628AD1BC66B7E005A15AE /* PBXContainerItemProxy */ = {
			isa = PBXContainerItemProxy;
			containerPortal = EC36288D1BC66B7E005A15AE /* Project object */;
			proxyType = 1;
			remoteGlobalIDString = EC3628941BC66B7E005A15AE;
			remoteInfo = CoreData;
		};
		EC3628B81BC66B7E005A15AE /* PBXContainerItemProxy */ = {
			isa = PBXContainerItemProxy;
			containerPortal = EC36288D1BC66B7E005A15AE /* Project object */;
			proxyType = 1;
			remoteGlobalIDString = EC3628941BC66B7E005A15AE;
			remoteInfo = CoreData;
		};
/* End PBXContainerItemProxy section */

/* Begin PBXFileReference section */
		EC3628951BC66B7E005A15AE /* CoreData_Demo.app */ = {isa = PBXFileReference; explicitFileType = wrapper.application; includeInIndex = 0; path = CoreData_Demo.app; sourceTree = BUILT_PRODUCTS_DIR; };
		EC3628981BC66B7E005A15AE /* AppDelegate.swift */ = {isa = PBXFileReference; lastKnownFileType = sourcecode.swift; path = AppDelegate.swift; sourceTree = "<group>"; };
		EC36289A1BC66B7E005A15AE /* ItemViewController.swift */ = {isa = PBXFileReference; lastKnownFileType = sourcecode.swift; path = ItemViewController.swift; sourceTree = "<group>"; };
		EC36289D1BC66B7E005A15AE /* Base */ = {isa = PBXFileReference; lastKnownFileType = file.storyboard; name = Base; path = Base.lproj/Main.storyboard; sourceTree = "<group>"; };
		EC3628A01BC66B7E005A15AE /* CoreData.xcdatamodel */ = {isa = PBXFileReference; lastKnownFileType = wrapper.xcdatamodel; path = CoreData.xcdatamodel; sourceTree = "<group>"; };
		EC3628A21BC66B7E005A15AE /* Assets.xcassets */ = {isa = PBXFileReference; lastKnownFileType = folder.assetcatalog; path = Assets.xcassets; sourceTree = "<group>"; };
		EC3628A51BC66B7E005A15AE /* Base */ = {isa = PBXFileReference; lastKnownFileType = file.storyboard; name = Base; path = Base.lproj/LaunchScreen.storyboard; sourceTree = "<group>"; };
		EC3628A71BC66B7E005A15AE /* Info.plist */ = {isa = PBXFileReference; lastKnownFileType = text.plist.xml; path = Info.plist; sourceTree = "<group>"; };
		EC3628AC1BC66B7E005A15AE /* CoreData_Demo.xctest */ = {isa = PBXFileReference; explicitFileType = wrapper.cfbundle; includeInIndex = 0; path = CoreData_Demo.xctest; sourceTree = BUILT_PRODUCTS_DIR; };
		EC3628B01BC66B7E005A15AE /* CoreDataTests.swift */ = {isa = PBXFileReference; lastKnownFileType = sourcecode.swift; path = CoreDataTests.swift; sourceTree = "<group>"; };
		EC3628B21BC66B7E005A15AE /* Info.plist */ = {isa = PBXFileReference; lastKnownFileType = text.plist.xml; path = Info.plist; sourceTree = "<group>"; };
		EC3628B71BC66B7E005A15AE /* CoreData_Demo.xctest */ = {isa = PBXFileReference; explicitFileType = wrapper.cfbundle; includeInIndex = 0; path = CoreData_Demo.xctest; sourceTree = BUILT_PRODUCTS_DIR; };
		EC3628BB1BC66B7E005A15AE /* CoreDataUITests.swift */ = {isa = PBXFileReference; lastKnownFileType = sourcecode.swift; path = CoreDataUITests.swift; sourceTree = "<group>"; };
		EC3628BD1BC66B7E005A15AE /* Info.plist */ = {isa = PBXFileReference; lastKnownFileType = text.plist.xml; path = Info.plist; sourceTree = "<group>"; };
		EC3628C91BC685B6005A15AE /* ListTableViewController.swift */ = {isa = PBXFileReference; fileEncoding = 4; lastKnownFileType = sourcecode.swift; path = ListTableViewController.swift; sourceTree = "<group>"; };
		EC3628CB1BC68603005A15AE /* Model.swift */ = {isa = PBXFileReference; fileEncoding = 4; lastKnownFileType = sourcecode.swift; path = Model.swift; sourceTree = "<group>"; };
/* End PBXFileReference section */

/* Begin PBXFrameworksBuildPhase section */
		EC3628921BC66B7E005A15AE /* Frameworks */ = {
			isa = PBXFrameworksBuildPhase;
			buildActionMask = 2147483647;
			files = (
			);
			runOnlyForDeploymentPostprocessing = 0;
		};
		EC3628A91BC66B7E005A15AE /* Frameworks */ = {
			isa = PBXFrameworksBuildPhase;
			buildActionMask = 2147483647;
			files = (
			);
			runOnlyForDeploymentPostprocessing = 0;
		};
		EC3628B41BC66B7E005A15AE /* Frameworks */ = {
			isa = PBXFrameworksBuildPhase;
			buildActionMask = 2147483647;
			files = (
			);
			runOnlyForDeploymentPostprocessing = 0;
		};
/* End PBXFrameworksBuildPhase section */

/* Begin PBXGroup section */
		EC36288C1BC66B7E005A15AE = {
			isa = PBXGroup;
			children = (
				EC3628971BC66B7E005A15AE /* CoreData */,
				EC3628AF1BC66B7E005A15AE /* CoreDataTests */,
				EC3628BA1BC66B7E005A15AE /* CoreDataUITests */,
				EC3628961BC66B7E005A15AE /* Products */,
			);
			sourceTree = "<group>";
		};
		EC3628961BC66B7E005A15AE /* Products */ = {
			isa = PBXGroup;
			children = (
				EC3628951BC66B7E005A15AE /* CoreData_Demo.app */,
				EC3628AC1BC66B7E005A15AE /* CoreData_Demo.xctest */,
				EC3628B71BC66B7E005A15AE /* CoreData_Demo.xctest */,
			);
			name = Products;
			sourceTree = "<group>";
		};
		EC3628971BC66B7E005A15AE /* CoreData */ = {
			isa = PBXGroup;
			children = (
				EC3628981BC66B7E005A15AE /* AppDelegate.swift */,
				EC36289A1BC66B7E005A15AE /* ItemViewController.swift */,
				EC36289C1BC66B7E005A15AE /* Main.storyboard */,
				EC3628A21BC66B7E005A15AE /* Assets.xcassets */,
				EC3628A41BC66B7E005A15AE /* LaunchScreen.storyboard */,
				EC3628A71BC66B7E005A15AE /* Info.plist */,
				EC36289F1BC66B7E005A15AE /* CoreData.xcdatamodeld */,
				EC3628C91BC685B6005A15AE /* ListTableViewController.swift */,
				EC3628CB1BC68603005A15AE /* Model.swift */,
			);
			path = CoreData;
			sourceTree = "<group>";
		};
		EC3628AF1BC66B7E005A15AE /* CoreDataTests */ = {
			isa = PBXGroup;
			children = (
				EC3628B01BC66B7E005A15AE /* CoreDataTests.swift */,
				EC3628B21BC66B7E005A15AE /* Info.plist */,
			);
			path = CoreDataTests;
			sourceTree = "<group>";
		};
		EC3628BA1BC66B7E005A15AE /* CoreDataUITests */ = {
			isa = PBXGroup;
			children = (
				EC3628BB1BC66B7E005A15AE /* CoreDataUITests.swift */,
				EC3628BD1BC66B7E005A15AE /* Info.plist */,
			);
			path = CoreDataUITests;
			sourceTree = "<group>";
		};
/* End PBXGroup section */

/* Begin PBXNativeTarget section */
		EC3628941BC66B7E005A15AE /* CoreData_Demo */ = {
			isa = PBXNativeTarget;
			buildConfigurationList = EC3628C01BC66B7E005A15AE /* Build configuration list for PBXNativeTarget "CoreData_Demo" */;
			buildPhases = (
				EC3628911BC66B7E005A15AE /* Sources */,
				EC3628921BC66B7E005A15AE /* Frameworks */,
				EC3628931BC66B7E005A15AE /* Resources */,
			);
			buildRules = (
			);
			dependencies = (
			);
			name = CoreData_Demo;
			productName = CoreData;
			productReference = EC3628951BC66B7E005A15AE /* CoreData_Demo.app */;
			productType = "com.apple.product-type.application";
		};
		EC3628AB1BC66B7E005A15AE /* CoreData_DemoTests */ = {
			isa = PBXNativeTarget;
			buildConfigurationList = EC3628C31BC66B7E005A15AE /* Build configuration list for PBXNativeTarget "CoreData_DemoTests" */;
			buildPhases = (
				EC3628A81BC66B7E005A15AE /* Sources */,
				EC3628A91BC66B7E005A15AE /* Frameworks */,
				EC3628AA1BC66B7E005A15AE /* Resources */,
			);
			buildRules = (
			);
			dependencies = (
				EC3628AE1BC66B7E005A15AE /* PBXTargetDependency */,
			);
			name = CoreData_DemoTests;
			productName = CoreDataTests;
			productReference = EC3628AC1BC66B7E005A15AE /* CoreData_Demo.xctest */;
			productType = "com.apple.product-type.bundle.unit-test";
		};
		EC3628B61BC66B7E005A15AE /* CoreData_DemoUITests */ = {
			isa = PBXNativeTarget;
			buildConfigurationList = EC3628C61BC66B7E005A15AE /* Build configuration list for PBXNativeTarget "CoreData_DemoUITests" */;
			buildPhases = (
				EC3628B31BC66B7E005A15AE /* Sources */,
				EC3628B41BC66B7E005A15AE /* Frameworks */,
				EC3628B51BC66B7E005A15AE /* Resources */,
			);
			buildRules = (
			);
			dependencies = (
				EC3628B91BC66B7E005A15AE /* PBXTargetDependency */,
			);
			name = CoreData_DemoUITests;
			productName = CoreDataUITests;
			productReference = EC3628B71BC66B7E005A15AE /* CoreData_Demo.xctest */;
			productType = "com.apple.product-type.bundle.ui-testing";
		};
/* End PBXNativeTarget section */

/* Begin PBXProject section */
		EC36288D1BC66B7E005A15AE /* Project object */ = {
			isa = PBXProject;
			attributes = {
				LastUpgradeCheck = 0700;
				ORGANIZATIONNAME = "Yogesh Bharate";
				TargetAttributes = {
					EC3628941BC66B7E005A15AE = {
						CreatedOnToolsVersion = 7.0;
					};
					EC3628AB1BC66B7E005A15AE = {
						CreatedOnToolsVersion = 7.0;
						TestTargetID = EC3628941BC66B7E005A15AE;
					};
					EC3628B61BC66B7E005A15AE = {
						CreatedOnToolsVersion = 7.0;
						TestTargetID = EC3628941BC66B7E005A15AE;
					};
				};
			};
			buildConfigurationList = EC3628901BC66B7E005A15AE /* Build configuration list for PBXProject "CoreData_Demo" */;
			compatibilityVersion = "Xcode 3.2";
			developmentRegion = English;
			hasScannedForEncodings = 0;
			knownRegions = (
				en,
				Base,
			);
			mainGroup = EC36288C1BC66B7E005A15AE;
			productRefGroup = EC3628961BC66B7E005A15AE /* Products */;
			projectDirPath = "";
			projectRoot = "";
			targets = (
				EC3628941BC66B7E005A15AE /* CoreData_Demo */,
				EC3628AB1BC66B7E005A15AE /* CoreData_DemoTests */,
				EC3628B61BC66B7E005A15AE /* CoreData_DemoUITests */,
			);
		};
/* End PBXProject section */

/* Begin PBXResourcesBuildPhase section */
		EC3628931BC66B7E005A15AE /* Resources */ = {
			isa = PBXResourcesBuildPhase;
			buildActionMask = 2147483647;
			files = (
				EC3628A61BC66B7E005A15AE /* LaunchScreen.storyboard in Resources */,
				EC3628A31BC66B7E005A15AE /* Assets.xcassets in Resources */,
				EC36289E1BC66B7E005A15AE /* Main.storyboard in Resources */,
			);
			runOnlyForDeploymentPostprocessing = 0;
		};
		EC3628AA1BC66B7E005A15AE /* Resources */ = {
			isa = PBXResourcesBuildPhase;
			buildActionMask = 2147483647;
			files = (
			);
			runOnlyForDeploymentPostprocessing = 0;
		};
		EC3628B51BC66B7E005A15AE /* Resources */ = {
			isa = PBXResourcesBuildPhase;
			buildActionMask = 2147483647;
			files = (
			);
			runOnlyForDeploymentPostprocessing = 0;
		};
/* End PBXResourcesBuildPhase section */

/* Begin PBXSourcesBuildPhase section */
		EC3628911BC66B7E005A15AE /* Sources */ = {
			isa = PBXSourcesBuildPhase;
			buildActionMask = 2147483647;
			files = (
				EC3628CC1BC68603005A15AE /* Model.swift in Sources */,
				EC36289B1BC66B7E005A15AE /* ItemViewController.swift in Sources */,
				EC3628991BC66B7E005A15AE /* AppDelegate.swift in Sources */,
				EC3628A11BC66B7E005A15AE /* CoreData.xcdatamodeld in Sources */,
				EC3628CA1BC685B6005A15AE /* ListTableViewController.swift in Sources */,
			);
			runOnlyForDeploymentPostprocessing = 0;
		};
		EC3628A81BC66B7E005A15AE /* Sources */ = {
			isa = PBXSourcesBuildPhase;
			buildActionMask = 2147483647;
			files = (
				EC3628B11BC66B7E005A15AE /* CoreDataTests.swift in Sources */,
			);
			runOnlyForDeploymentPostprocessing = 0;
		};
		EC3628B31BC66B7E005A15AE /* Sources */ = {
			isa = PBXSourcesBuildPhase;
			buildActionMask = 2147483647;
			files = (
				EC3628BC1BC66B7E005A15AE /* CoreDataUITests.swift in Sources */,
			);
			runOnlyForDeploymentPostprocessing = 0;
		};
/* End PBXSourcesBuildPhase section */

/* Begin PBXTargetDependency section */
		EC3628AE1BC66B7E005A15AE /* PBXTargetDependency */ = {
			isa = PBXTargetDependency;
			target = EC3628941BC66B7E005A15AE /* CoreData_Demo */;
			targetProxy = EC3628AD1BC66B7E005A15AE /* PBXContainerItemProxy */;
		};
		EC3628B91BC66B7E005A15AE /* PBXTargetDependency */ = {
			isa = PBXTargetDependency;
			target = EC3628941BC66B7E005A15AE /* CoreData_Demo */;
			targetProxy = EC3628B81BC66B7E005A15AE /* PBXContainerItemProxy */;
		};
/* End PBXTargetDependency section */

/* Begin PBXVariantGroup section */
		EC36289C1BC66B7E005A15AE /* Main.storyboard */ = {
			isa = PBXVariantGroup;
			children = (
				EC36289D1BC66B7E005A15AE /* Base */,
			);
			name = Main.storyboard;
			sourceTree = "<group>";
		};
		EC3628A41BC66B7E005A15AE /* LaunchScreen.storyboard */ = {
			isa = PBXVariantGroup;
			children = (
				EC3628A51BC66B7E005A15AE /* Base */,
			);
			name = LaunchScreen.storyboard;
			sourceTree = "<group>";
		};
/* End PBXVariantGroup section */

/* Begin XCBuildConfiguration section */
		EC3628BE1BC66B7E005A15AE /* Debug */ = {
			isa = XCBuildConfiguration;
			buildSettings = {
				ALWAYS_SEARCH_USER_PATHS = NO;
				CLANG_CXX_LANGUAGE_STANDARD = "gnu++0x";
				CLANG_CXX_LIBRARY = "libc++";
				CLANG_ENABLE_MODULES = YES;
				CLANG_ENABLE_OBJC_ARC = YES;
				CLANG_WARN_BOOL_CONVERSION = YES;
				CLANG_WARN_CONSTANT_CONVERSION = YES;
				CLANG_WARN_DIRECT_OBJC_ISA_USAGE = YES_ERROR;
				CLANG_WARN_EMPTY_BODY = YES;
				CLANG_WARN_ENUM_CONVERSION = YES;
				CLANG_WARN_INT_CONVERSION = YES;
				CLANG_WARN_OBJC_ROOT_CLASS = YES_ERROR;
				CLANG_WARN_UNREACHABLE_CODE = YES;
				CLANG_WARN__DUPLICATE_METHOD_MATCH = YES;
				"CODE_SIGN_IDENTITY[sdk=iphoneos*]" = "iPhone Developer";
				COPY_PHASE_STRIP = NO;
				DEBUG_INFORMATION_FORMAT = dwarf;
				ENABLE_STRICT_OBJC_MSGSEND = YES;
				ENABLE_TESTABILITY = YES;
				GCC_C_LANGUAGE_STANDARD = gnu99;
				GCC_DYNAMIC_NO_PIC = NO;
				GCC_NO_COMMON_BLOCKS = YES;
				GCC_OPTIMIZATION_LEVEL = 0;
				GCC_PREPROCESSOR_DEFINITIONS = (
					"DEBUG=1",
					"$(inherited)",
				);
				GCC_WARN_64_TO_32_BIT_CONVERSION = YES;
				GCC_WARN_ABOUT_RETURN_TYPE = YES_ERROR;
				GCC_WARN_UNDECLARED_SELECTOR = YES;
				GCC_WARN_UNINITIALIZED_AUTOS = YES_AGGRESSIVE;
				GCC_WARN_UNUSED_FUNCTION = YES;
				GCC_WARN_UNUSED_VARIABLE = YES;
				IPHONEOS_DEPLOYMENT_TARGET = 9.0;
				MTL_ENABLE_DEBUG_INFO = YES;
				ONLY_ACTIVE_ARCH = YES;
				SDKROOT = iphoneos;
				SWIFT_OPTIMIZATION_LEVEL = "-Onone";
			};
			name = Debug;
		};
		EC3628BF1BC66B7E005A15AE /* Release */ = {
			isa = XCBuildConfiguration;
			buildSettings = {
				ALWAYS_SEARCH_USER_PATHS = NO;
				CLANG_CXX_LANGUAGE_STANDARD = "gnu++0x";
				CLANG_CXX_LIBRARY = "libc++";
				CLANG_ENABLE_MODULES = YES;
				CLANG_ENABLE_OBJC_ARC = YES;
				CLANG_WARN_BOOL_CONVERSION = YES;
				CLANG_WARN_CONSTANT_CONVERSION = YES;
				CLANG_WARN_DIRECT_OBJC_ISA_USAGE = YES_ERROR;
				CLANG_WARN_EMPTY_BODY = YES;
				CLANG_WARN_ENUM_CONVERSION = YES;
				CLANG_WARN_INT_CONVERSION = YES;
				CLANG_WARN_OBJC_ROOT_CLASS = YES_ERROR;
				CLANG_WARN_UNREACHABLE_CODE = YES;
				CLANG_WARN__DUPLICATE_METHOD_MATCH = YES;
				"CODE_SIGN_IDENTITY[sdk=iphoneos*]" = "iPhone Developer";
				COPY_PHASE_STRIP = NO;
				DEBUG_INFORMATION_FORMAT = "dwarf-with-dsym";
				ENABLE_NS_ASSERTIONS = NO;
				ENABLE_STRICT_OBJC_MSGSEND = YES;
				GCC_C_LANGUAGE_STANDARD = gnu99;
				GCC_NO_COMMON_BLOCKS = YES;
				GCC_WARN_64_TO_32_BIT_CONVERSION = YES;
				GCC_WARN_ABOUT_RETURN_TYPE = YES_ERROR;
				GCC_WARN_UNDECLARED_SELECTOR = YES;
				GCC_WARN_UNINITIALIZED_AUTOS = YES_AGGRESSIVE;
				GCC_WARN_UNUSED_FUNCTION = YES;
				GCC_WARN_UNUSED_VARIABLE = YES;
				IPHONEOS_DEPLOYMENT_TARGET = 9.0;
				MTL_ENABLE_DEBUG_INFO = NO;
				SDKROOT = iphoneos;
				VALIDATE_PRODUCT = YES;
			};
			name = Release;
		};
		EC3628C11BC66B7E005A15AE /* Debug */ = {
			isa = XCBuildConfiguration;
			buildSettings = {
				ASSETCATALOG_COMPILER_APPICON_NAME = AppIcon;
				INFOPLIST_FILE = CoreData/Info.plist;
				LD_RUNPATH_SEARCH_PATHS = "$(inherited) @executable_path/Frameworks";
				PRODUCT_BUNDLE_IDENTIFIER = synerzip.CoreData;
				PRODUCT_NAME = CoreData_Demo;
			};
			name = Debug;
		};
		EC3628C21BC66B7E005A15AE /* Release */ = {
			isa = XCBuildConfiguration;
			buildSettings = {
				ASSETCATALOG_COMPILER_APPICON_NAME = AppIcon;
				INFOPLIST_FILE = CoreData/Info.plist;
				LD_RUNPATH_SEARCH_PATHS = "$(inherited) @executable_path/Frameworks";
				PRODUCT_BUNDLE_IDENTIFIER = synerzip.CoreData;
				PRODUCT_NAME = CoreData_Demo;
			};
			name = Release;
		};
		EC3628C41BC66B7E005A15AE /* Debug */ = {
			isa = XCBuildConfiguration;
			buildSettings = {
				BUNDLE_LOADER = "$(TEST_HOST)";
				INFOPLIST_FILE = CoreDataTests/Info.plist;
				LD_RUNPATH_SEARCH_PATHS = "$(inherited) @executable_path/Frameworks @loader_path/Frameworks";
				PRODUCT_BUNDLE_IDENTIFIER = synerzip.CoreDataTests;
				PRODUCT_NAME = CoreData_Demo;
				TEST_HOST = "$(BUILT_PRODUCTS_DIR)/CoreData_Demo.app/CoreData_Demo";
			};
			name = Debug;
		};
		EC3628C51BC66B7E005A15AE /* Release */ = {
			isa = XCBuildConfiguration;
			buildSettings = {
				BUNDLE_LOADER = "$(TEST_HOST)";
				INFOPLIST_FILE = CoreDataTests/Info.plist;
				LD_RUNPATH_SEARCH_PATHS = "$(inherited) @executable_path/Frameworks @loader_path/Frameworks";
				PRODUCT_BUNDLE_IDENTIFIER = synerzip.CoreDataTests;
				PRODUCT_NAME = CoreData_Demo;
				TEST_HOST = "$(BUILT_PRODUCTS_DIR)/CoreData_Demo.app/CoreData_Demo";
			};
			name = Release;
		};
		EC3628C71BC66B7E005A15AE /* Debug */ = {
			isa = XCBuildConfiguration;
			buildSettings = {
				INFOPLIST_FILE = CoreDataUITests/Info.plist;
				LD_RUNPATH_SEARCH_PATHS = "$(inherited) @executable_path/Frameworks @loader_path/Frameworks";
				PRODUCT_BUNDLE_IDENTIFIER = synerzip.CoreDataUITests;
				PRODUCT_NAME = CoreData_Demo;
				TEST_TARGET_NAME = CoreData;
				USES_XCTRUNNER = YES;
			};
			name = Debug;
		};
		EC3628C81BC66B7E005A15AE /* Release */ = {
			isa = XCBuildConfiguration;
			buildSettings = {
				INFOPLIST_FILE = CoreDataUITests/Info.plist;
				LD_RUNPATH_SEARCH_PATHS = "$(inherited) @executable_path/Frameworks @loader_path/Frameworks";
				PRODUCT_BUNDLE_IDENTIFIER = synerzip.CoreDataUITests;
				PRODUCT_NAME = CoreData_Demo;
				TEST_TARGET_NAME = CoreData;
				USES_XCTRUNNER = YES;
			};
			name = Release;
		};
/* End XCBuildConfiguration section */

/* Begin XCConfigurationList section */
		EC3628901BC66B7E005A15AE /* Build configuration list for PBXProject "CoreData_Demo" */ = {
			isa = XCConfigurationList;
			buildConfigurations = (
				EC3628BE1BC66B7E005A15AE /* Debug */,
				EC3628BF1BC66B7E005A15AE /* Release */,
			);
			defaultConfigurationIsVisible = 0;
			defaultConfigurationName = Release;
		};
		EC3628C01BC66B7E005A15AE /* Build configuration list for PBXNativeTarget "CoreData_Demo" */ = {
			isa = XCConfigurationList;
			buildConfigurations = (
				EC3628C11BC66B7E005A15AE /* Debug */,
				EC3628C21BC66B7E005A15AE /* Release */,
			);
			defaultConfigurationIsVisible = 0;
		};
		EC3628C31BC66B7E005A15AE /* Build configuration list for PBXNativeTarget "CoreData_DemoTests" */ = {
			isa = XCConfigurationList;
			buildConfigurations = (
				EC3628C41BC66B7E005A15AE /* Debug */,
				EC3628C51BC66B7E005A15AE /* Release */,
			);
			defaultConfigurationIsVisible = 0;
		};
		EC3628C61BC66B7E005A15AE /* Build configuration list for PBXNativeTarget "CoreData_DemoUITests" */ = {
			isa = XCConfigurationList;
			buildConfigurations = (
				EC3628C71BC66B7E005A15AE /* Debug */,
				EC3628C81BC66B7E005A15AE /* Release */,
			);
			defaultConfigurationIsVisible = 0;
		};
/* End XCConfigurationList section */

/* Begin XCVersionGroup section */
		EC36289F1BC66B7E005A15AE /* CoreData.xcdatamodeld */ = {
			isa = XCVersionGroup;
			children = (
				EC3628A01BC66B7E005A15AE /* CoreData.xcdatamodel */,
			);
			currentVersion = EC3628A01BC66B7E005A15AE /* CoreData.xcdatamodel */;
			path = CoreData.xcdatamodeld;
			sourceTree = "<group>";
			versionGroupType = wrapper.xcdatamodel;
		};
/* End XCVersionGroup section */
	};
	rootObject = EC36288D1BC66B7E005A15AE /* Project object */;
}
